
Microsoft Visual Studio Solution File, Format Version 12.00
# Visual Studio 15
VisualStudioVersion = 15.0.27703.2035
MinimumVisualStudioVersion = 10.0.40219.1
Project("{FAE04EC0-301F-11D3-BF4B-00C04F79EFBC}") = "PDC", "PDC\PDC.csproj", "{92DDF267-20B6-4D52-9906-C90311F2FCDC}"
EndProject
Project("{FAE04EC0-301F-11D3-BF4B-00C04F79EFBC}") = "PDC.Tests", "PDC.Tests\PDC.Tests.csproj", "{92F9D932-499E-4010-A1FD-5B630A60EF47}"
EndProject
Project("{9A19103F-16F7-4668-BE54-9A1E7A4F7556}") = "PDC.Angular", "PDC.Angular\PDC.Angular.csproj", "{9B94C2F0-2CE5-427B-93DD-99C4C0F5B681}"
EndProject
Project("{00D1A9C2-B5F0-4AF3-8072-F6C62B433612}") = "PDC.SSDP", "PDC.SSDP\PDC.SSDP.sqlproj", "{73CF3A15-50AC-401C-A73B-EBC19D9F46E0}"
EndProject
Global
	GlobalSection(SolutionConfigurationPlatforms) = preSolution
		Debug|Any CPU = Debug|Any CPU
		Release|Any CPU = Release|Any CPU
	EndGlobalSection
	GlobalSection(ProjectConfigurationPlatforms) = postSolution
		{92DDF267-20B6-4D52-9906-C90311F2FCDC}.Debug|Any CPU.ActiveCfg = Debug|Any CPU
		{92DDF267-20B6-4D52-9906-C90311F2FCDC}.Debug|Any CPU.Build.0 = Debug|Any CPU
		{92DDF267-20B6-4D52-9906-C90311F2FCDC}.Release|Any CPU.ActiveCfg = Release|Any CPU
		{92DDF267-20B6-4D52-9906-C90311F2FCDC}.Release|Any CPU.Build.0 = Release|Any CPU
		{92F9D932-499E-4010-A1FD-5B630A60EF47}.Debug|Any CPU.ActiveCfg = Debug|Any CPU
		{92F9D932-499E-4010-A1FD-5B630A60EF47}.Debug|Any CPU.Build.0 = Debug|Any CPU
		{92F9D932-499E-4010-A1FD-5B630A60EF47}.Release|Any CPU.ActiveCfg = Release|Any CPU
		{92F9D932-499E-4010-A1FD-5B630A60EF47}.Release|Any CPU.Build.0 = Release|Any CPU
		{9B94C2F0-2CE5-427B-93DD-99C4C0F5B681}.Debug|Any CPU.ActiveCfg = Debug|Any CPU
		{9B94C2F0-2CE5-427B-93DD-99C4C0F5B681}.Debug|Any CPU.Build.0 = Debug|Any CPU
		{9B94C2F0-2CE5-427B-93DD-99C4C0F5B681}.Release|Any CPU.ActiveCfg = Release|Any CPU
		{9B94C2F0-2CE5-427B-93DD-99C4C0F5B681}.Release|Any CPU.Build.0 = Release|Any CPU
		{73CF3A15-50AC-401C-A73B-EBC19D9F46E0}.Debug|Any CPU.ActiveCfg = Debug|Any CPU
		{73CF3A15-50AC-401C-A73B-EBC19D9F46E0}.Debug|Any CPU.Build.0 = Debug|Any CPU
		{73CF3A15-50AC-401C-A73B-EBC19D9F46E0}.Debug|Any CPU.Deploy.0 = Debug|Any CPU
		{73CF3A15-50AC-401C-A73B-EBC19D9F46E0}.Release|Any CPU.ActiveCfg = Release|Any CPU
		{73CF3A15-50AC-401C-A73B-EBC19D9F46E0}.Release|Any CPU.Build.0 = Release|Any CPU
		{73CF3A15-50AC-401C-A73B-EBC19D9F46E0}.Release|Any CPU.Deploy.0 = Release|Any CPU
	EndGlobalSection
	GlobalSection(SolutionProperties) = preSolution
		HideSolutionNode = FALSE
	EndGlobalSection
	GlobalSection(ExtensibilityGlobals) = postSolution
		SolutionGuid = {4E88821B-E1A4-4F37-813A-0D8238E4C911}
	EndGlobalSection
EndGlobal
